// !$*UTF8*$!
{
	archiveVersion = 1;
	classes = {
	};
	objectVersion = 56;
	objects = {

/* Begin PBXBuildFile section */
		DA4C76B32BA312E1008E2980 /* FavoriteButton.swift in Sources */ = {isa = PBXBuildFile; fileRef = DA4C76B22BA312E1008E2980 /* FavoriteButton.swift */; };
		DA544C3A2BA48D8F00AC8BFC /* HexagonParameters.swift in Sources */ = {isa = PBXBuildFile; fileRef = DA544C392BA48D8F00AC8BFC /* HexagonParameters.swift */; };
		DA544C3C2BA48FEA00AC8BFC /* BadgeBackground.swift in Sources */ = {isa = PBXBuildFile; fileRef = DA544C3B2BA48FEA00AC8BFC /* BadgeBackground.swift */; };
		DA544C3E2BA4978F00AC8BFC /* BadgeSymbol.swift in Sources */ = {isa = PBXBuildFile; fileRef = DA544C3D2BA4978F00AC8BFC /* BadgeSymbol.swift */; };
		DA544C402BA4983D00AC8BFC /* RotatedBadgeSymbol.swift in Sources */ = {isa = PBXBuildFile; fileRef = DA544C3F2BA4983D00AC8BFC /* RotatedBadgeSymbol.swift */; };
		DA544C422BA498E600AC8BFC /* Badge.swift in Sources */ = {isa = PBXBuildFile; fileRef = DA544C412BA498E600AC8BFC /* Badge.swift */; };
		DAC21CA92BA273C6009FE492 /* ModelData.swift in Sources */ = {isa = PBXBuildFile; fileRef = DAC21CA82BA273C6009FE492 /* ModelData.swift */; };
		DAC21CAE2BA27B77009FE492 /* LandmarkRow.swift in Sources */ = {isa = PBXBuildFile; fileRef = DAC21CAD2BA27B77009FE492 /* LandmarkRow.swift */; };
		DAC21CB02BA27DD2009FE492 /* LandmarkList.swift in Sources */ = {isa = PBXBuildFile; fileRef = DAC21CAF2BA27DD2009FE492 /* LandmarkList.swift */; };
		DAC21CB22BA27F73009FE492 /* LandmarkDetail.swift in Sources */ = {isa = PBXBuildFile; fileRef = DAC21CB12BA27F73009FE492 /* LandmarkDetail.swift */; };
		DAC265012BA1CCBC001381C7 /* LandmarksApp.swift in Sources */ = {isa = PBXBuildFile; fileRef = DAC265002BA1CCBC001381C7 /* LandmarksApp.swift */; };
		DAC265032BA1CCBC001381C7 /* ContentView.swift in Sources */ = {isa = PBXBuildFile; fileRef = DAC265022BA1CCBC001381C7 /* ContentView.swift */; };
		DAC265052BA1CCBE001381C7 /* Assets.xcassets in Resources */ = {isa = PBXBuildFile; fileRef = DAC265042BA1CCBE001381C7 /* Assets.xcassets */; };
		DAC265082BA1CCBE001381C7 /* Preview Assets.xcassets in Resources */ = {isa = PBXBuildFile; fileRef = DAC265072BA1CCBE001381C7 /* Preview Assets.xcassets */; };
		DAC265122BA1CCBF001381C7 /* LandmarksTests.swift in Sources */ = {isa = PBXBuildFile; fileRef = DAC265112BA1CCBF001381C7 /* LandmarksTests.swift */; };
		DAC2651C2BA1CCBF001381C7 /* LandmarksUITests.swift in Sources */ = {isa = PBXBuildFile; fileRef = DAC2651B2BA1CCBF001381C7 /* LandmarksUITests.swift */; };
		DAC2651E2BA1CCBF001381C7 /* LandmarksUITestsLaunchTests.swift in Sources */ = {isa = PBXBuildFile; fileRef = DAC2651D2BA1CCBF001381C7 /* LandmarksUITestsLaunchTests.swift */; };
		DAC2652D2BA1D78B001381C7 /* CircleImage.swift in Sources */ = {isa = PBXBuildFile; fileRef = DAC2652C2BA1D78B001381C7 /* CircleImage.swift */; };
		DAC2652F2BA1D8E5001381C7 /* MapView.swift in Sources */ = {isa = PBXBuildFile; fileRef = DAC2652E2BA1D8E5001381C7 /* MapView.swift */; };
		DAC265312BA1E530001381C7 /* landmarkData.json in Resources */ = {isa = PBXBuildFile; fileRef = DAC265302BA1E530001381C7 /* landmarkData.json */; };
		DAC265332BA1E567001381C7 /* Landmark.swift in Sources */ = {isa = PBXBuildFile; fileRef = DAC265322BA1E567001381C7 /* Landmark.swift */; };
/* End PBXBuildFile section */

/* Begin PBXContainerItemProxy section */
		DAC2650E2BA1CCBF001381C7 /* PBXContainerItemProxy */ = {
			isa = PBXContainerItemProxy;
			containerPortal = DAC264F52BA1CCBC001381C7 /* Project object */;
			proxyType = 1;
			remoteGlobalIDString = DAC264FC2BA1CCBC001381C7;
			remoteInfo = Landmarks;
		};
		DAC265182BA1CCBF001381C7 /* PBXContainerItemProxy */ = {
			isa = PBXContainerItemProxy;
			containerPortal = DAC264F52BA1CCBC001381C7 /* Project object */;
			proxyType = 1;
			remoteGlobalIDString = DAC264FC2BA1CCBC001381C7;
			remoteInfo = Landmarks;
		};
/* End PBXContainerItemProxy section */

/* Begin PBXFileReference section */
		DA4C76B22BA312E1008E2980 /* FavoriteButton.swift */ = {isa = PBXFileReference; lastKnownFileType = sourcecode.swift; path = FavoriteButton.swift; sourceTree = "<group>"; };
		DA544C392BA48D8F00AC8BFC /* HexagonParameters.swift */ = {isa = PBXFileReference; lastKnownFileType = sourcecode.swift; path = HexagonParameters.swift; sourceTree = "<group>"; };
		DA544C3B2BA48FEA00AC8BFC /* BadgeBackground.swift */ = {isa = PBXFileReference; lastKnownFileType = sourcecode.swift; path = BadgeBackground.swift; sourceTree = "<group>"; };
		DA544C3D2BA4978F00AC8BFC /* BadgeSymbol.swift */ = {isa = PBXFileReference; lastKnownFileType = sourcecode.swift; path = BadgeSymbol.swift; sourceTree = "<group>"; };
		DA544C3F2BA4983D00AC8BFC /* RotatedBadgeSymbol.swift */ = {isa = PBXFileReference; lastKnownFileType = sourcecode.swift; path = RotatedBadgeSymbol.swift; sourceTree = "<group>"; };
		DA544C412BA498E600AC8BFC /* Badge.swift */ = {isa = PBXFileReference; lastKnownFileType = sourcecode.swift; path = Badge.swift; sourceTree = "<group>"; };
		DAC21CA82BA273C6009FE492 /* ModelData.swift */ = {isa = PBXFileReference; lastKnownFileType = sourcecode.swift; path = ModelData.swift; sourceTree = "<group>"; };
		DAC21CAD2BA27B77009FE492 /* LandmarkRow.swift */ = {isa = PBXFileReference; lastKnownFileType = sourcecode.swift; path = LandmarkRow.swift; sourceTree = "<group>"; };
		DAC21CAF2BA27DD2009FE492 /* LandmarkList.swift */ = {isa = PBXFileReference; lastKnownFileType = sourcecode.swift; path = LandmarkList.swift; sourceTree = "<group>"; };
		DAC21CB12BA27F73009FE492 /* LandmarkDetail.swift */ = {isa = PBXFileReference; lastKnownFileType = sourcecode.swift; path = LandmarkDetail.swift; sourceTree = "<group>"; };
		DAC264FD2BA1CCBC001381C7 /* Landmarks.app */ = {isa = PBXFileReference; explicitFileType = wrapper.application; includeInIndex = 0; path = Landmarks.app; sourceTree = BUILT_PRODUCTS_DIR; };
		DAC265002BA1CCBC001381C7 /* LandmarksApp.swift */ = {isa = PBXFileReference; lastKnownFileType = sourcecode.swift; path = LandmarksApp.swift; sourceTree = "<group>"; };
		DAC265022BA1CCBC001381C7 /* ContentView.swift */ = {isa = PBXFileReference; lastKnownFileType = sourcecode.swift; path = ContentView.swift; sourceTree = "<group>"; };
		DAC265042BA1CCBE001381C7 /* Assets.xcassets */ = {isa = PBXFileReference; lastKnownFileType = folder.assetcatalog; path = Assets.xcassets; sourceTree = "<group>"; };
		DAC265072BA1CCBE001381C7 /* Preview Assets.xcassets */ = {isa = PBXFileReference; lastKnownFileType = folder.assetcatalog; path = "Preview Assets.xcassets"; sourceTree = "<group>"; };
		DAC2650D2BA1CCBF001381C7 /* LandmarksTests.xctest */ = {isa = PBXFileReference; explicitFileType = wrapper.cfbundle; includeInIndex = 0; path = LandmarksTests.xctest; sourceTree = BUILT_PRODUCTS_DIR; };
		DAC265112BA1CCBF001381C7 /* LandmarksTests.swift */ = {isa = PBXFileReference; lastKnownFileType = sourcecode.swift; path = LandmarksTests.swift; sourceTree = "<group>"; };
		DAC265172BA1CCBF001381C7 /* LandmarksUITests.xctest */ = {isa = PBXFileReference; explicitFileType = wrapper.cfbundle; includeInIndex = 0; path = LandmarksUITests.xctest; sourceTree = BUILT_PRODUCTS_DIR; };
		DAC2651B2BA1CCBF001381C7 /* LandmarksUITests.swift */ = {isa = PBXFileReference; lastKnownFileType = sourcecode.swift; path = LandmarksUITests.swift; sourceTree = "<group>"; };
		DAC2651D2BA1CCBF001381C7 /* LandmarksUITestsLaunchTests.swift */ = {isa = PBXFileReference; lastKnownFileType = sourcecode.swift; path = LandmarksUITestsLaunchTests.swift; sourceTree = "<group>"; };
		DAC2652C2BA1D78B001381C7 /* CircleImage.swift */ = {isa = PBXFileReference; lastKnownFileType = sourcecode.swift; path = CircleImage.swift; sourceTree = "<group>"; };
		DAC2652E2BA1D8E5001381C7 /* MapView.swift */ = {isa = PBXFileReference; lastKnownFileType = sourcecode.swift; path = MapView.swift; sourceTree = "<group>"; };
		DAC265302BA1E530001381C7 /* landmarkData.json */ = {isa = PBXFileReference; fileEncoding = 4; lastKnownFileType = text.json; path = landmarkData.json; sourceTree = "<group>"; };
		DAC265322BA1E567001381C7 /* Landmark.swift */ = {isa = PBXFileReference; lastKnownFileType = sourcecode.swift; path = Landmark.swift; sourceTree = "<group>"; };
/* End PBXFileReference section */

/* Begin PBXFrameworksBuildPhase section */
		DAC264FA2BA1CCBC001381C7 /* Frameworks */ = {
			isa = PBXFrameworksBuildPhase;
			buildActionMask = 2147483647;
			files = (
			);
			runOnlyForDeploymentPostprocessing = 0;
		};
		DAC2650A2BA1CCBF001381C7 /* Frameworks */ = {
			isa = PBXFrameworksBuildPhase;
			buildActionMask = 2147483647;
			files = (
			);
			runOnlyForDeploymentPostprocessing = 0;
		};
		DAC265142BA1CCBF001381C7 /* Frameworks */ = {
			isa = PBXFrameworksBuildPhase;
			buildActionMask = 2147483647;
			files = (
			);
			runOnlyForDeploymentPostprocessing = 0;
		};
/* End PBXFrameworksBuildPhase section */

/* Begin PBXGroup section */
		DA4C76B42BA3149E008E2980 /* Landmarks */ = {
			isa = PBXGroup;
			children = (
				DAC21CAF2BA27DD2009FE492 /* LandmarkList.swift */,
				DAC21CAD2BA27B77009FE492 /* LandmarkRow.swift */,
				DAC21CB12BA27F73009FE492 /* LandmarkDetail.swift */,
			);
			path = Landmarks;
			sourceTree = "<group>";
		};
		DA4C76B52BA314A4008E2980 /* Helpers */ = {
			isa = PBXGroup;
			children = (
				DAC2652C2BA1D78B001381C7 /* CircleImage.swift */,
				DAC2652E2BA1D8E5001381C7 /* MapView.swift */,
				DA4C76B22BA312E1008E2980 /* FavoriteButton.swift */,
			);
			path = Helpers;
			sourceTree = "<group>";
		};
		DA544C432BA49A7400AC8BFC /* Badges */ = {
			isa = PBXGroup;
			children = (
				DA544C392BA48D8F00AC8BFC /* HexagonParameters.swift */,
				DA544C3D2BA4978F00AC8BFC /* BadgeSymbol.swift */,
				DA544C3F2BA4983D00AC8BFC /* RotatedBadgeSymbol.swift */,
				DA544C412BA498E600AC8BFC /* Badge.swift */,
				DA544C3B2BA48FEA00AC8BFC /* BadgeBackground.swift */,
			);
			path = Badges;
			sourceTree = "<group>";
		};
		DAC21CAA2BA27A25009FE492 /* Views */ = {
			isa = PBXGroup;
			children = (
				DAC265022BA1CCBC001381C7 /* ContentView.swift */,
				DA544C432BA49A7400AC8BFC /* Badges */,
				DA4C76B42BA3149E008E2980 /* Landmarks */,
				DA4C76B52BA314A4008E2980 /* Helpers */,
			);
			path = Views;
			sourceTree = "<group>";
		};
		DAC21CAB2BA27A31009FE492 /* Model */ = {
			isa = PBXGroup;
			children = (
				DAC21CA82BA273C6009FE492 /* ModelData.swift */,
				DAC265322BA1E567001381C7 /* Landmark.swift */,
			);
			path = Model;
			sourceTree = "<group>";
		};
		DAC21CAC2BA27A39009FE492 /* Resources */ = {
			isa = PBXGroup;
			children = (
				DAC265302BA1E530001381C7 /* landmarkData.json */,
			);
			path = Resources;
			sourceTree = "<group>";
		};
		DAC264F42BA1CCBC001381C7 = {
			isa = PBXGroup;
			children = (
				DAC264FF2BA1CCBC001381C7 /* Landmarks */,
				DAC265102BA1CCBF001381C7 /* LandmarksTests */,
				DAC2651A2BA1CCBF001381C7 /* LandmarksUITests */,
				DAC264FE2BA1CCBC001381C7 /* Products */,
			);
			sourceTree = "<group>";
		};
		DAC264FE2BA1CCBC001381C7 /* Products */ = {
			isa = PBXGroup;
			children = (
				DAC264FD2BA1CCBC001381C7 /* Landmarks.app */,
				DAC2650D2BA1CCBF001381C7 /* LandmarksTests.xctest */,
				DAC265172BA1CCBF001381C7 /* LandmarksUITests.xctest */,
			);
			name = Products;
			sourceTree = "<group>";
		};
		DAC264FF2BA1CCBC001381C7 /* Landmarks */ = {
			isa = PBXGroup;
			children = (
				DAC265002BA1CCBC001381C7 /* LandmarksApp.swift */,
				DAC21CAA2BA27A25009FE492 /* Views */,
				DAC21CAB2BA27A31009FE492 /* Model */,
				DAC21CAC2BA27A39009FE492 /* Resources */,
				DAC265042BA1CCBE001381C7 /* Assets.xcassets */,
				DAC265062BA1CCBE001381C7 /* Preview Content */,
			);
			path = Landmarks;
			sourceTree = "<group>";
		};
		DAC265062BA1CCBE001381C7 /* Preview Content */ = {
			isa = PBXGroup;
			children = (
				DAC265072BA1CCBE001381C7 /* Preview Assets.xcassets */,
			);
			path = "Preview Content";
			sourceTree = "<group>";
		};
		DAC265102BA1CCBF001381C7 /* LandmarksTests */ = {
			isa = PBXGroup;
			children = (
				DAC265112BA1CCBF001381C7 /* LandmarksTests.swift */,
			);
			path = LandmarksTests;
			sourceTree = "<group>";
		};
		DAC2651A2BA1CCBF001381C7 /* LandmarksUITests */ = {
			isa = PBXGroup;
			children = (
				DAC2651B2BA1CCBF001381C7 /* LandmarksUITests.swift */,
				DAC2651D2BA1CCBF001381C7 /* LandmarksUITestsLaunchTests.swift */,
			);
			path = LandmarksUITests;
			sourceTree = "<group>";
		};
/* End PBXGroup section */

/* Begin PBXNativeTarget section */
		DAC264FC2BA1CCBC001381C7 /* Landmarks */ = {
			isa = PBXNativeTarget;
			buildConfigurationList = DAC265212BA1CCBF001381C7 /* Build configuration list for PBXNativeTarget "Landmarks" */;
			buildPhases = (
				DAC264F92BA1CCBC001381C7 /* Sources */,
				DAC264FA2BA1CCBC001381C7 /* Frameworks */,
				DAC264FB2BA1CCBC001381C7 /* Resources */,
			);
			buildRules = (
			);
			dependencies = (
			);
			name = Landmarks;
			productName = Landmarks;
			productReference = DAC264FD2BA1CCBC001381C7 /* Landmarks.app */;
			productType = "com.apple.product-type.application";
		};
		DAC2650C2BA1CCBF001381C7 /* LandmarksTests */ = {
			isa = PBXNativeTarget;
			buildConfigurationList = DAC265242BA1CCBF001381C7 /* Build configuration list for PBXNativeTarget "LandmarksTests" */;
			buildPhases = (
				DAC265092BA1CCBF001381C7 /* Sources */,
				DAC2650A2BA1CCBF001381C7 /* Frameworks */,
				DAC2650B2BA1CCBF001381C7 /* Resources */,
			);
			buildRules = (
			);
			dependencies = (
				DAC2650F2BA1CCBF001381C7 /* PBXTargetDependency */,
			);
			name = LandmarksTests;
			productName = LandmarksTests;
			productReference = DAC2650D2BA1CCBF001381C7 /* LandmarksTests.xctest */;
			productType = "com.apple.product-type.bundle.unit-test";
		};
		DAC265162BA1CCBF001381C7 /* LandmarksUITests */ = {
			isa = PBXNativeTarget;
			buildConfigurationList = DAC265272BA1CCBF001381C7 /* Build configuration list for PBXNativeTarget "LandmarksUITests" */;
			buildPhases = (
				DAC265132BA1CCBF001381C7 /* Sources */,
				DAC265142BA1CCBF001381C7 /* Frameworks */,
				DAC265152BA1CCBF001381C7 /* Resources */,
			);
			buildRules = (
			);
			dependencies = (
				DAC265192BA1CCBF001381C7 /* PBXTargetDependency */,
			);
			name = LandmarksUITests;
			productName = LandmarksUITests;
			productReference = DAC265172BA1CCBF001381C7 /* LandmarksUITests.xctest */;
			productType = "com.apple.product-type.bundle.ui-testing";
		};
/* End PBXNativeTarget section */

/* Begin PBXProject section */
		DAC264F52BA1CCBC001381C7 /* Project object */ = {
			isa = PBXProject;
			attributes = {
				BuildIndependentTargetsInParallel = 1;
				LastSwiftUpdateCheck = 1520;
				LastUpgradeCheck = 1520;
				TargetAttributes = {
					DAC264FC2BA1CCBC001381C7 = {
						CreatedOnToolsVersion = 15.2;
					};
					DAC2650C2BA1CCBF001381C7 = {
						CreatedOnToolsVersion = 15.2;
						TestTargetID = DAC264FC2BA1CCBC001381C7;
					};
					DAC265162BA1CCBF001381C7 = {
						CreatedOnToolsVersion = 15.2;
						TestTargetID = DAC264FC2BA1CCBC001381C7;
					};
				};
			};
			buildConfigurationList = DAC264F82BA1CCBC001381C7 /* Build configuration list for PBXProject "Landmarks" */;
			compatibilityVersion = "Xcode 14.0";
			developmentRegion = en;
			hasScannedForEncodings = 0;
			knownRegions = (
				en,
				Base,
			);
			mainGroup = DAC264F42BA1CCBC001381C7;
			productRefGroup = DAC264FE2BA1CCBC001381C7 /* Products */;
			projectDirPath = "";
			projectRoot = "";
			targets = (
				DAC264FC2BA1CCBC001381C7 /* Landmarks */,
				DAC2650C2BA1CCBF001381C7 /* LandmarksTests */,
				DAC265162BA1CCBF001381C7 /* LandmarksUITests */,
			);
		};
/* End PBXProject section */

/* Begin PBXResourcesBuildPhase section */
		DAC264FB2BA1CCBC001381C7 /* Resources */ = {
			isa = PBXResourcesBuildPhase;
			buildActionMask = 2147483647;
			files = (
				DAC265082BA1CCBE001381C7 /* Preview Assets.xcassets in Resources */,
				DAC265052BA1CCBE001381C7 /* Assets.xcassets in Resources */,
				DAC265312BA1E530001381C7 /* landmarkData.json in Resources */,
			);
			runOnlyForDeploymentPostprocessing = 0;
		};
		DAC2650B2BA1CCBF001381C7 /* Resources */ = {
			isa = PBXResourcesBuildPhase;
			buildActionMask = 2147483647;
			files = (
			);
			runOnlyForDeploymentPostprocessing = 0;
		};
		DAC265152BA1CCBF001381C7 /* Resources */ = {
			isa = PBXResourcesBuildPhase;
			buildActionMask = 2147483647;
			files = (
			);
			runOnlyForDeploymentPostprocessing = 0;
		};
/* End PBXResourcesBuildPhase section */

/* Begin PBXSourcesBuildPhase section */
		DAC264F92BA1CCBC001381C7 /* Sources */ = {
			isa = PBXSourcesBuildPhase;
			buildActionMask = 2147483647;
			files = (
				DAC265032BA1CCBC001381C7 /* ContentView.swift in Sources */,
				DA544C422BA498E600AC8BFC /* Badge.swift in Sources */,
				DAC2652F2BA1D8E5001381C7 /* MapView.swift in Sources */,
				DAC265012BA1CCBC001381C7 /* LandmarksApp.swift in Sources */,
				DA4C76B32BA312E1008E2980 /* FavoriteButton.swift in Sources */,
				DA544C3A2BA48D8F00AC8BFC /* HexagonParameters.swift in Sources */,
				DA544C402BA4983D00AC8BFC /* RotatedBadgeSymbol.swift in Sources */,
				DA544C3E2BA4978F00AC8BFC /* BadgeSymbol.swift in Sources */,
				DAC21CB02BA27DD2009FE492 /* LandmarkList.swift in Sources */,
				DAC21CB22BA27F73009FE492 /* LandmarkDetail.swift in Sources */,
				DA544C3C2BA48FEA00AC8BFC /* BadgeBackground.swift in Sources */,
				DAC2652D2BA1D78B001381C7 /* CircleImage.swift in Sources */,
				DAC265332BA1E567001381C7 /* Landmark.swift in Sources */,
				DAC21CAE2BA27B77009FE492 /* LandmarkRow.swift in Sources */,
				DAC21CA92BA273C6009FE492 /* ModelData.swift in Sources */,
			);
			runOnlyForDeploymentPostprocessing = 0;
		};
		DAC265092BA1CCBF001381C7 /* Sources */ = {
			isa = PBXSourcesBuildPhase;
			buildActionMask = 2147483647;
			files = (
				DAC265122BA1CCBF001381C7 /* LandmarksTests.swift in Sources */,
			);
			runOnlyForDeploymentPostprocessing = 0;
		};
		DAC265132BA1CCBF001381C7 /* Sources */ = {
			isa = PBXSourcesBuildPhase;
			buildActionMask = 2147483647;
			files = (
				DAC2651E2BA1CCBF001381C7 /* LandmarksUITestsLaunchTests.swift in Sources */,
				DAC2651C2BA1CCBF001381C7 /* LandmarksUITests.swift in Sources */,
			);
			runOnlyForDeploymentPostprocessing = 0;
		};
/* End PBXSourcesBuildPhase section */

/* Begin PBXTargetDependency section */
		DAC2650F2BA1CCBF001381C7 /* PBXTargetDependency */ = {
			isa = PBXTargetDependency;
			target = DAC264FC2BA1CCBC001381C7 /* Landmarks */;
			targetProxy = DAC2650E2BA1CCBF001381C7 /* PBXContainerItemProxy */;
		};
		DAC265192BA1CCBF001381C7 /* PBXTargetDependency */ = {
			isa = PBXTargetDependency;
			target = DAC264FC2BA1CCBC001381C7 /* Landmarks */;
			targetProxy = DAC265182BA1CCBF001381C7 /* PBXContainerItemProxy */;
		};
/* End PBXTargetDependency section */

/* Begin XCBuildConfiguration section */
		DAC2651F2BA1CCBF001381C7 /* Debug */ = {
			isa = XCBuildConfiguration;
			buildSettings = {
				ALWAYS_SEARCH_USER_PATHS = NO;
				ASSETCATALOG_COMPILER_GENERATE_SWIFT_ASSET_SYMBOL_EXTENSIONS = YES;
				CLANG_ANALYZER_NONNULL = YES;
				CLANG_ANALYZER_NUMBER_OBJECT_CONVERSION = YES_AGGRESSIVE;
				CLANG_CXX_LANGUAGE_STANDARD = "gnu++20";
				CLANG_ENABLE_MODULES = YES;
				CLANG_ENABLE_OBJC_ARC = YES;
				CLANG_ENABLE_OBJC_WEAK = YES;
				CLANG_WARN_BLOCK_CAPTURE_AUTORELEASING = YES;
				CLANG_WARN_BOOL_CONVERSION = YES;
				CLANG_WARN_COMMA = YES;
				CLANG_WARN_CONSTANT_CONVERSION = YES;
				CLANG_WARN_DEPRECATED_OBJC_IMPLEMENTATIONS = YES;
				CLANG_WARN_DIRECT_OBJC_ISA_USAGE = YES_ERROR;
				CLANG_WARN_DOCUMENTATION_COMMENTS = YES;
				CLANG_WARN_EMPTY_BODY = YES;
				CLANG_WARN_ENUM_CONVERSION = YES;
				CLANG_WARN_INFINITE_RECURSION = YES;
				CLANG_WARN_INT_CONVERSION = YES;
				CLANG_WARN_NON_LITERAL_NULL_CONVERSION = YES;
				CLANG_WARN_OBJC_IMPLICIT_RETAIN_SELF = YES;
				CLANG_WARN_OBJC_LITERAL_CONVERSION = YES;
				CLANG_WARN_OBJC_ROOT_CLASS = YES_ERROR;
				CLANG_WARN_QUOTED_INCLUDE_IN_FRAMEWORK_HEADER = YES;
				CLANG_WARN_RANGE_LOOP_ANALYSIS = YES;
				CLANG_WARN_STRICT_PROTOTYPES = YES;
				CLANG_WARN_SUSPICIOUS_MOVE = YES;
				CLANG_WARN_UNGUARDED_AVAILABILITY = YES_AGGRESSIVE;
				CLANG_WARN_UNREACHABLE_CODE = YES;
				CLANG_WARN__DUPLICATE_METHOD_MATCH = YES;
				COPY_PHASE_STRIP = NO;
				DEBUG_INFORMATION_FORMAT = dwarf;
				ENABLE_STRICT_OBJC_MSGSEND = YES;
				ENABLE_TESTABILITY = YES;
				ENABLE_USER_SCRIPT_SANDBOXING = YES;
				GCC_C_LANGUAGE_STANDARD = gnu17;
				GCC_DYNAMIC_NO_PIC = NO;
				GCC_NO_COMMON_BLOCKS = YES;
				GCC_OPTIMIZATION_LEVEL = 0;
				GCC_PREPROCESSOR_DEFINITIONS = (
					"DEBUG=1",
					"$(inherited)",
				);
				GCC_WARN_64_TO_32_BIT_CONVERSION = YES;
				GCC_WARN_ABOUT_RETURN_TYPE = YES_ERROR;
				GCC_WARN_UNDECLARED_SELECTOR = YES;
				GCC_WARN_UNINITIALIZED_AUTOS = YES_AGGRESSIVE;
				GCC_WARN_UNUSED_FUNCTION = YES;
				GCC_WARN_UNUSED_VARIABLE = YES;
				IPHONEOS_DEPLOYMENT_TARGET = 17.2;
				LOCALIZATION_PREFERS_STRING_CATALOGS = YES;
				MTL_ENABLE_DEBUG_INFO = INCLUDE_SOURCE;
				MTL_FAST_MATH = YES;
				ONLY_ACTIVE_ARCH = YES;
				SDKROOT = iphoneos;
				SWIFT_ACTIVE_COMPILATION_CONDITIONS = "DEBUG $(inherited)";
				SWIFT_OPTIMIZATION_LEVEL = "-Onone";
			};
			name = Debug;
		};
		DAC265202BA1CCBF001381C7 /* Release */ = {
			isa = XCBuildConfiguration;
			buildSettings = {
				ALWAYS_SEARCH_USER_PATHS = NO;
				ASSETCATALOG_COMPILER_GENERATE_SWIFT_ASSET_SYMBOL_EXTENSIONS = YES;
				CLANG_ANALYZER_NONNULL = YES;
				CLANG_ANALYZER_NUMBER_OBJECT_CONVERSION = YES_AGGRESSIVE;
				CLANG_CXX_LANGUAGE_STANDARD = "gnu++20";
				CLANG_ENABLE_MODULES = YES;
				CLANG_ENABLE_OBJC_ARC = YES;
				CLANG_ENABLE_OBJC_WEAK = YES;
				CLANG_WARN_BLOCK_CAPTURE_AUTORELEASING = YES;
				CLANG_WARN_BOOL_CONVERSION = YES;
				CLANG_WARN_COMMA = YES;
				CLANG_WARN_CONSTANT_CONVERSION = YES;
				CLANG_WARN_DEPRECATED_OBJC_IMPLEMENTATIONS = YES;
				CLANG_WARN_DIRECT_OBJC_ISA_USAGE = YES_ERROR;
				CLANG_WARN_DOCUMENTATION_COMMENTS = YES;
				CLANG_WARN_EMPTY_BODY = YES;
				CLANG_WARN_ENUM_CONVERSION = YES;
				CLANG_WARN_INFINITE_RECURSION = YES;
				CLANG_WARN_INT_CONVERSION = YES;
				CLANG_WARN_NON_LITERAL_NULL_CONVERSION = YES;
				CLANG_WARN_OBJC_IMPLICIT_RETAIN_SELF = YES;
				CLANG_WARN_OBJC_LITERAL_CONVERSION = YES;
				CLANG_WARN_OBJC_ROOT_CLASS = YES_ERROR;
				CLANG_WARN_QUOTED_INCLUDE_IN_FRAMEWORK_HEADER = YES;
				CLANG_WARN_RANGE_LOOP_ANALYSIS = YES;
				CLANG_WARN_STRICT_PROTOTYPES = YES;
				CLANG_WARN_SUSPICIOUS_MOVE = YES;
				CLANG_WARN_UNGUARDED_AVAILABILITY = YES_AGGRESSIVE;
				CLANG_WARN_UNREACHABLE_CODE = YES;
				CLANG_WARN__DUPLICATE_METHOD_MATCH = YES;
				COPY_PHASE_STRIP = NO;
				DEBUG_INFORMATION_FORMAT = "dwarf-with-dsym";
				ENABLE_NS_ASSERTIONS = NO;
				ENABLE_STRICT_OBJC_MSGSEND = YES;
				ENABLE_USER_SCRIPT_SANDBOXING = YES;
				GCC_C_LANGUAGE_STANDARD = gnu17;
				GCC_NO_COMMON_BLOCKS = YES;
				GCC_WARN_64_TO_32_BIT_CONVERSION = YES;
				GCC_WARN_ABOUT_RETURN_TYPE = YES_ERROR;
				GCC_WARN_UNDECLARED_SELECTOR = YES;
				GCC_WARN_UNINITIALIZED_AUTOS = YES_AGGRESSIVE;
				GCC_WARN_UNUSED_FUNCTION = YES;
				GCC_WARN_UNUSED_VARIABLE = YES;
				IPHONEOS_DEPLOYMENT_TARGET = 17.2;
				LOCALIZATION_PREFERS_STRING_CATALOGS = YES;
				MTL_ENABLE_DEBUG_INFO = NO;
				MTL_FAST_MATH = YES;
				SDKROOT = iphoneos;
				SWIFT_COMPILATION_MODE = wholemodule;
				VALIDATE_PRODUCT = YES;
			};
			name = Release;
		};
		DAC265222BA1CCBF001381C7 /* Debug */ = {
			isa = XCBuildConfiguration;
			buildSettings = {
				ASSETCATALOG_COMPILER_APPICON_NAME = AppIcon;
				ASSETCATALOG_COMPILER_GLOBAL_ACCENT_COLOR_NAME = AccentColor;
				CODE_SIGN_STYLE = Automatic;
				CURRENT_PROJECT_VERSION = 1;
				DEVELOPMENT_ASSET_PATHS = "\"Landmarks/Preview Content\"";
				DEVELOPMENT_TEAM = A77B73Y33B;
				ENABLE_PREVIEWS = YES;
				GENERATE_INFOPLIST_FILE = YES;
				INFOPLIST_KEY_UIApplicationSceneManifest_Generation = YES;
				INFOPLIST_KEY_UIApplicationSupportsIndirectInputEvents = YES;
				INFOPLIST_KEY_UILaunchScreen_Generation = YES;
				INFOPLIST_KEY_UISupportedInterfaceOrientations_iPad = "UIInterfaceOrientationPortrait UIInterfaceOrientationPortraitUpsideDown UIInterfaceOrientationLandscapeLeft UIInterfaceOrientationLandscapeRight";
				INFOPLIST_KEY_UISupportedInterfaceOrientations_iPhone = "UIInterfaceOrientationPortrait UIInterfaceOrientationLandscapeLeft UIInterfaceOrientationLandscapeRight";
				LD_RUNPATH_SEARCH_PATHS = (
					"$(inherited)",
					"@executable_path/Frameworks",
				);
				MARKETING_VERSION = 1.0;
				PRODUCT_BUNDLE_IDENTIFIER = me.ayitey.Landmarks;
				PRODUCT_NAME = "$(TARGET_NAME)";
				SWIFT_EMIT_LOC_STRINGS = YES;
				SWIFT_VERSION = 5.0;
				TARGETED_DEVICE_FAMILY = "1,2";
			};
			name = Debug;
		};
		DAC265232BA1CCBF001381C7 /* Release */ = {
			isa = XCBuildConfiguration;
			buildSettings = {
				ASSETCATALOG_COMPILER_APPICON_NAME = AppIcon;
				ASSETCATALOG_COMPILER_GLOBAL_ACCENT_COLOR_NAME = AccentColor;
				CODE_SIGN_STYLE = Automatic;
				CURRENT_PROJECT_VERSION = 1;
				DEVELOPMENT_ASSET_PATHS = "\"Landmarks/Preview Content\"";
				DEVELOPMENT_TEAM = A77B73Y33B;
				ENABLE_PREVIEWS = YES;
				GENERATE_INFOPLIST_FILE = YES;
				INFOPLIST_KEY_UIApplicationSceneManifest_Generation = YES;
				INFOPLIST_KEY_UIApplicationSupportsIndirectInputEvents = YES;
				INFOPLIST_KEY_UILaunchScreen_Generation = YES;
				INFOPLIST_KEY_UISupportedInterfaceOrientations_iPad = "UIInterfaceOrientationPortrait UIInterfaceOrientationPortraitUpsideDown UIInterfaceOrientationLandscapeLeft UIInterfaceOrientationLandscapeRight";
				INFOPLIST_KEY_UISupportedInterfaceOrientations_iPhone = "UIInterfaceOrientationPortrait UIInterfaceOrientationLandscapeLeft UIInterfaceOrientationLandscapeRight";
				LD_RUNPATH_SEARCH_PATHS = (
					"$(inherited)",
					"@executable_path/Frameworks",
				);
				MARKETING_VERSION = 1.0;
				PRODUCT_BUNDLE_IDENTIFIER = me.ayitey.Landmarks;
				PRODUCT_NAME = "$(TARGET_NAME)";
				SWIFT_EMIT_LOC_STRINGS = YES;
				SWIFT_VERSION = 5.0;
				TARGETED_DEVICE_FAMILY = "1,2";
			};
			name = Release;
		};
		DAC265252BA1CCBF001381C7 /* Debug */ = {
			isa = XCBuildConfiguration;
			buildSettings = {
				ALWAYS_EMBED_SWIFT_STANDARD_LIBRARIES = YES;
				BUNDLE_LOADER = "$(TEST_HOST)";
				CODE_SIGN_STYLE = Automatic;
				CURRENT_PROJECT_VERSION = 1;
				DEVELOPMENT_TEAM = A77B73Y33B;
				GENERATE_INFOPLIST_FILE = YES;
				IPHONEOS_DEPLOYMENT_TARGET = 17.2;
				MARKETING_VERSION = 1.0;
				PRODUCT_BUNDLE_IDENTIFIER = me.ayitey.LandmarksTests;
				PRODUCT_NAME = "$(TARGET_NAME)";
				SWIFT_EMIT_LOC_STRINGS = NO;
				SWIFT_VERSION = 5.0;
				TARGETED_DEVICE_FAMILY = "1,2";
				TEST_HOST = "$(BUILT_PRODUCTS_DIR)/Landmarks.app/$(BUNDLE_EXECUTABLE_FOLDER_PATH)/Landmarks";
			};
			name = Debug;
		};
		DAC265262BA1CCBF001381C7 /* Release */ = {
			isa = XCBuildConfiguration;
			buildSettings = {
				ALWAYS_EMBED_SWIFT_STANDARD_LIBRARIES = YES;
				BUNDLE_LOADER = "$(TEST_HOST)";
				CODE_SIGN_STYLE = Automatic;
				CURRENT_PROJECT_VERSION = 1;
				DEVELOPMENT_TEAM = A77B73Y33B;
				GENERATE_INFOPLIST_FILE = YES;
				IPHONEOS_DEPLOYMENT_TARGET = 17.2;
				MARKETING_VERSION = 1.0;
				PRODUCT_BUNDLE_IDENTIFIER = me.ayitey.LandmarksTests;
				PRODUCT_NAME = "$(TARGET_NAME)";
				SWIFT_EMIT_LOC_STRINGS = NO;
				SWIFT_VERSION = 5.0;
				TARGETED_DEVICE_FAMILY = "1,2";
				TEST_HOST = "$(BUILT_PRODUCTS_DIR)/Landmarks.app/$(BUNDLE_EXECUTABLE_FOLDER_PATH)/Landmarks";
			};
			name = Release;
		};
		DAC265282BA1CCBF001381C7 /* Debug */ = {
			isa = XCBuildConfiguration;
			buildSettings = {
				ALWAYS_EMBED_SWIFT_STANDARD_LIBRARIES = YES;
				CODE_SIGN_STYLE = Automatic;
				CURRENT_PROJECT_VERSION = 1;
				DEVELOPMENT_TEAM = A77B73Y33B;
				GENERATE_INFOPLIST_FILE = YES;
				MARKETING_VERSION = 1.0;
				PRODUCT_BUNDLE_IDENTIFIER = me.ayitey.LandmarksUITests;
				PRODUCT_NAME = "$(TARGET_NAME)";
				SWIFT_EMIT_LOC_STRINGS = NO;
				SWIFT_VERSION = 5.0;
				TARGETED_DEVICE_FAMILY = "1,2";
				TEST_TARGET_NAME = Landmarks;
			};
			name = Debug;
		};
		DAC265292BA1CCBF001381C7 /* Release */ = {
			isa = XCBuildConfiguration;
			buildSettings = {
				ALWAYS_EMBED_SWIFT_STANDARD_LIBRARIES = YES;
				CODE_SIGN_STYLE = Automatic;
				CURRENT_PROJECT_VERSION = 1;
				DEVELOPMENT_TEAM = A77B73Y33B;
				GENERATE_INFOPLIST_FILE = YES;
				MARKETING_VERSION = 1.0;
				PRODUCT_BUNDLE_IDENTIFIER = me.ayitey.LandmarksUITests;
				PRODUCT_NAME = "$(TARGET_NAME)";
				SWIFT_EMIT_LOC_STRINGS = NO;
				SWIFT_VERSION = 5.0;
				TARGETED_DEVICE_FAMILY = "1,2";
				TEST_TARGET_NAME = Landmarks;
			};
			name = Release;
		};
/* End XCBuildConfiguration section */

/* Begin XCConfigurationList section */
		DAC264F82BA1CCBC001381C7 /* Build configuration list for PBXProject "Landmarks" */ = {
			isa = XCConfigurationList;
			buildConfigurations = (
				DAC2651F2BA1CCBF001381C7 /* Debug */,
				DAC265202BA1CCBF001381C7 /* Release */,
			);
			defaultConfigurationIsVisible = 0;
			defaultConfigurationName = Release;
		};
		DAC265212BA1CCBF001381C7 /* Build configuration list for PBXNativeTarget "Landmarks" */ = {
			isa = XCConfigurationList;
			buildConfigurations = (
				DAC265222BA1CCBF001381C7 /* Debug */,
				DAC265232BA1CCBF001381C7 /* Release */,
			);
			defaultConfigurationIsVisible = 0;
			defaultConfigurationName = Release;
		};
		DAC265242BA1CCBF001381C7 /* Build configuration list for PBXNativeTarget "LandmarksTests" */ = {
			isa = XCConfigurationList;
			buildConfigurations = (
				DAC265252BA1CCBF001381C7 /* Debug */,
				DAC265262BA1CCBF001381C7 /* Release */,
			);
			defaultConfigurationIsVisible = 0;
			defaultConfigurationName = Release;
		};
		DAC265272BA1CCBF001381C7 /* Build configuration list for PBXNativeTarget "LandmarksUITests" */ = {
			isa = XCConfigurationList;
			buildConfigurations = (
				DAC265282BA1CCBF001381C7 /* Debug */,
				DAC265292BA1CCBF001381C7 /* Release */,
			);
			defaultConfigurationIsVisible = 0;
			defaultConfigurationName = Release;
		};
/* End XCConfigurationList section */
	};
	rootObject = DAC264F52BA1CCBC001381C7 /* Project object */;
}
